
Microsoft Visual Studio Solution File, Format Version 12.00
# Visual Studio Version 17
VisualStudioVersion = 17.2.32526.322
MinimumVisualStudioVersion = 10.0.40219.1
Project("{FAE04EC0-301F-11D3-BF4B-00C04F79EFBC}") = "Taxes", "Taxes\Taxes.csproj", "{D975045C-906B-47B7-94F8-02287330C706}"
EndProject
Global
	GlobalSection(SolutionConfigurationPlatforms) = preSolution
		Debug|Any CPU = Debug|Any CPU
		Release|Any CPU = Release|Any CPU
	EndGlobalSection
	GlobalSection(ProjectConfigurationPlatforms) = postSolution
		{D975045C-906B-47B7-94F8-02287330C706}.Debug|Any CPU.ActiveCfg = Debug|Any CPU
		{D975045C-906B-47B7-94F8-02287330C706}.Debug|Any CPU.Build.0 = Debug|Any CPU
		{D975045C-906B-47B7-94F8-02287330C706}.Release|Any CPU.ActiveCfg = Release|Any CPU
		{D975045C-906B-47B7-94F8-02287330C706}.Release|Any CPU.Build.0 = Release|Any CPU
	EndGlobalSection
	GlobalSection(SolutionProperties) = preSolution
		HideSolutionNode = FALSE
	EndGlobalSection
	GlobalSection(ExtensibilityGlobals) = postSolution
		SolutionGuid = {E108D033-B768-4134-85AB-2D83E98FE8CB}
	EndGlobalSection
EndGlobal
